
Microsoft Visual Studio Solution File, Format Version 12.00
# Visual Studio Version 17
VisualStudioVersion = 17.5.33627.172
MinimumVisualStudioVersion = 10.0.40219.1
Project("{FAE04EC0-301F-11D3-BF4B-00C04F79EFBC}") = "zadanie1", "zadanie1\zadanie1.csproj", "{E15077FF-3192-4D3B-ABC3-3130B333DACF}"
EndProject
Global
	GlobalSection(SolutionConfigurationPlatforms) = preSolution
		Debug|Any CPU = Debug|Any CPU
		Release|Any CPU = Release|Any CPU
	EndGlobalSection
	GlobalSection(ProjectConfigurationPlatforms) = postSolution
		{E15077FF-3192-4D3B-ABC3-3130B333DACF}.Debug|Any CPU.ActiveCfg = Debug|Any CPU
		{E15077FF-3192-4D3B-ABC3-3130B333DACF}.Debug|Any CPU.Build.0 = Debug|Any CPU
		{E15077FF-3192-4D3B-ABC3-3130B333DACF}.Release|Any CPU.ActiveCfg = Release|Any CPU
		{E15077FF-3192-4D3B-ABC3-3130B333DACF}.Release|Any CPU.Build.0 = Release|Any CPU
	EndGlobalSection
	GlobalSection(SolutionProperties) = preSolution
		HideSolutionNode = FALSE
	EndGlobalSection
	GlobalSection(ExtensibilityGlobals) = postSolution
		SolutionGuid = {84FA22D1-8780-4AF6-81FE-75F14DE1ECB3}
	EndGlobalSection
EndGlobal
